
Microsoft Visual Studio Solution File, Format Version 12.00
# Visual Studio Version 16
VisualStudioVersion = 16.0.33328.57
MinimumVisualStudioVersion = 10.0.40219.1
Project("{888888A0-9F3D-457C-B088-3A5042F75D52}") = "spiral matrix", "spiral matrix\spiral matrix.pyproj", "{8908F78F-D683-437F-95BA-022FD9C86BA2}"
EndProject
Global
	GlobalSection(SolutionConfigurationPlatforms) = preSolution
		Debug|Any CPU = Debug|Any CPU
		Release|Any CPU = Release|Any CPU
	EndGlobalSection
	GlobalSection(ProjectConfigurationPlatforms) = postSolution
		{8908F78F-D683-437F-95BA-022FD9C86BA2}.Debug|Any CPU.ActiveCfg = Debug|Any CPU
		{8908F78F-D683-437F-95BA-022FD9C86BA2}.Release|Any CPU.ActiveCfg = Release|Any CPU
	EndGlobalSection
	GlobalSection(SolutionProperties) = preSolution
		HideSolutionNode = FALSE
	EndGlobalSection
	GlobalSection(ExtensibilityGlobals) = postSolution
		SolutionGuid = {79FCBFC4-06C8-4B7D-82B9-11F775172583}
	EndGlobalSection
EndGlobal
